
Microsoft Visual Studio Solution File, Format Version 12.00
# Visual Studio Version 17
VisualStudioVersion = 17.0.31903.59
MinimumVisualStudioVersion = 10.0.40219.1
Project("{2150E333-8FDC-42A3-9474-1A3956D46DE8}") = "src", "src", "{827E0CD3-B72D-47B6-A68D-7590B98EB39B}"
EndProject
Project("{FAE04EC0-301F-11D3-BF4B-00C04F79EFBC}") = "Honua.Mobile.Sdk", "src\Honua.Mobile.Sdk\Honua.Mobile.Sdk.csproj", "{A6951E65-AA3A-4EDA-98D3-E282C1C914C3}"
EndProject
Project("{FAE04EC0-301F-11D3-BF4B-00C04F79EFBC}") = "Honua.Mobile.Field", "src\Honua.Mobile.Field\Honua.Mobile.Field.csproj", "{1213AF92-9C57-476B-BE5B-10259721FD35}"
EndProject
Project("{FAE04EC0-301F-11D3-BF4B-00C04F79EFBC}") = "Honua.Mobile.Offline", "src\Honua.Mobile.Offline\Honua.Mobile.Offline.csproj", "{CE41C63A-7E71-4DF9-BF16-D761E10F86C0}"
EndProject
Project("{FAE04EC0-301F-11D3-BF4B-00C04F79EFBC}") = "Honua.Mobile.Maui", "src\Honua.Mobile.Maui\Honua.Mobile.Maui.csproj", "{5981B473-4AC4-4871-A129-FA1DF42AE095}"
EndProject
Project("{2150E333-8FDC-42A3-9474-1A3956D46DE8}") = "tests", "tests", "{0AB3BF05-4346-4AA6-1389-037BE0695223}"
EndProject
Project("{FAE04EC0-301F-11D3-BF4B-00C04F79EFBC}") = "Honua.Mobile.Field.Tests", "tests\Honua.Mobile.Field.Tests\Honua.Mobile.Field.Tests.csproj", "{EC35CDDC-7AA4-4169-A7BC-C25C05D12FB5}"
EndProject
Project("{FAE04EC0-301F-11D3-BF4B-00C04F79EFBC}") = "Honua.Mobile.Offline.Tests", "tests\Honua.Mobile.Offline.Tests\Honua.Mobile.Offline.Tests.csproj", "{34987433-8E8C-49FF-9776-C122ADFD0EFB}"
EndProject
Project("{FAE04EC0-301F-11D3-BF4B-00C04F79EFBC}") = "Honua.Mobile.Sdk.Tests", "tests\Honua.Mobile.Sdk.Tests\Honua.Mobile.Sdk.Tests.csproj", "{5FC8602D-CF71-4DCC-90CC-276D0407C22C}"
EndProject
Global
	GlobalSection(SolutionConfigurationPlatforms) = preSolution
		Debug|Any CPU = Debug|Any CPU
		Debug|x64 = Debug|x64
		Debug|x86 = Debug|x86
		Release|Any CPU = Release|Any CPU
		Release|x64 = Release|x64
		Release|x86 = Release|x86
	EndGlobalSection
	GlobalSection(ProjectConfigurationPlatforms) = postSolution
		{A6951E65-AA3A-4EDA-98D3-E282C1C914C3}.Debug|Any CPU.ActiveCfg = Debug|Any CPU
		{A6951E65-AA3A-4EDA-98D3-E282C1C914C3}.Debug|Any CPU.Build.0 = Debug|Any CPU
		{A6951E65-AA3A-4EDA-98D3-E282C1C914C3}.Debug|x64.ActiveCfg = Debug|Any CPU
		{A6951E65-AA3A-4EDA-98D3-E282C1C914C3}.Debug|x64.Build.0 = Debug|Any CPU
		{A6951E65-AA3A-4EDA-98D3-E282C1C914C3}.Debug|x86.ActiveCfg = Debug|Any CPU
		{A6951E65-AA3A-4EDA-98D3-E282C1C914C3}.Debug|x86.Build.0 = Debug|Any CPU
		{A6951E65-AA3A-4EDA-98D3-E282C1C914C3}.Release|Any CPU.ActiveCfg = Release|Any CPU
		{A6951E65-AA3A-4EDA-98D3-E282C1C914C3}.Release|Any CPU.Build.0 = Release|Any CPU
		{A6951E65-AA3A-4EDA-98D3-E282C1C914C3}.Release|x64.ActiveCfg = Release|Any CPU
		{A6951E65-AA3A-4EDA-98D3-E282C1C914C3}.Release|x64.Build.0 = Release|Any CPU
		{A6951E65-AA3A-4EDA-98D3-E282C1C914C3}.Release|x86.ActiveCfg = Release|Any CPU
		{A6951E65-AA3A-4EDA-98D3-E282C1C914C3}.Release|x86.Build.0 = Release|Any CPU
		{1213AF92-9C57-476B-BE5B-10259721FD35}.Debug|Any CPU.ActiveCfg = Debug|Any CPU
		{1213AF92-9C57-476B-BE5B-10259721FD35}.Debug|Any CPU.Build.0 = Debug|Any CPU
		{1213AF92-9C57-476B-BE5B-10259721FD35}.Debug|x64.ActiveCfg = Debug|Any CPU
		{1213AF92-9C57-476B-BE5B-10259721FD35}.Debug|x64.Build.0 = Debug|Any CPU
		{1213AF92-9C57-476B-BE5B-10259721FD35}.Debug|x86.ActiveCfg = Debug|Any CPU
		{1213AF92-9C57-476B-BE5B-10259721FD35}.Debug|x86.Build.0 = Debug|Any CPU
		{1213AF92-9C57-476B-BE5B-10259721FD35}.Release|Any CPU.ActiveCfg = Release|Any CPU
		{1213AF92-9C57-476B-BE5B-10259721FD35}.Release|Any CPU.Build.0 = Release|Any CPU
		{1213AF92-9C57-476B-BE5B-10259721FD35}.Release|x64.ActiveCfg = Release|Any CPU
		{1213AF92-9C57-476B-BE5B-10259721FD35}.Release|x64.Build.0 = Release|Any CPU
		{1213AF92-9C57-476B-BE5B-10259721FD35}.Release|x86.ActiveCfg = Release|Any CPU
		{1213AF92-9C57-476B-BE5B-10259721FD35}.Release|x86.Build.0 = Release|Any CPU
		{CE41C63A-7E71-4DF9-BF16-D761E10F86C0}.Debug|Any CPU.ActiveCfg = Debug|Any CPU
		{CE41C63A-7E71-4DF9-BF16-D761E10F86C0}.Debug|Any CPU.Build.0 = Debug|Any CPU
		{CE41C63A-7E71-4DF9-BF16-D761E10F86C0}.Debug|x64.ActiveCfg = Debug|Any CPU
		{CE41C63A-7E71-4DF9-BF16-D761E10F86C0}.Debug|x64.Build.0 = Debug|Any CPU
		{CE41C63A-7E71-4DF9-BF16-D761E10F86C0}.Debug|x86.ActiveCfg = Debug|Any CPU
		{CE41C63A-7E71-4DF9-BF16-D761E10F86C0}.Debug|x86.Build.0 = Debug|Any CPU
		{CE41C63A-7E71-4DF9-BF16-D761E10F86C0}.Release|Any CPU.ActiveCfg = Release|Any CPU
		{CE41C63A-7E71-4DF9-BF16-D761E10F86C0}.Release|Any CPU.Build.0 = Release|Any CPU
		{CE41C63A-7E71-4DF9-BF16-D761E10F86C0}.Release|x64.ActiveCfg = Release|Any CPU
		{CE41C63A-7E71-4DF9-BF16-D761E10F86C0}.Release|x64.Build.0 = Release|Any CPU
		{CE41C63A-7E71-4DF9-BF16-D761E10F86C0}.Release|x86.ActiveCfg = Release|Any CPU
		{CE41C63A-7E71-4DF9-BF16-D761E10F86C0}.Release|x86.Build.0 = Release|Any CPU
		{5981B473-4AC4-4871-A129-FA1DF42AE095}.Debug|Any CPU.ActiveCfg = Debug|Any CPU
		{5981B473-4AC4-4871-A129-FA1DF42AE095}.Debug|Any CPU.Build.0 = Debug|Any CPU
		{5981B473-4AC4-4871-A129-FA1DF42AE095}.Debug|x64.ActiveCfg = Debug|Any CPU
		{5981B473-4AC4-4871-A129-FA1DF42AE095}.Debug|x64.Build.0 = Debug|Any CPU
		{5981B473-4AC4-4871-A129-FA1DF42AE095}.Debug|x86.ActiveCfg = Debug|Any CPU
		{5981B473-4AC4-4871-A129-FA1DF42AE095}.Debug|x86.Build.0 = Debug|Any CPU
		{5981B473-4AC4-4871-A129-FA1DF42AE095}.Release|Any CPU.ActiveCfg = Release|Any CPU
		{5981B473-4AC4-4871-A129-FA1DF42AE095}.Release|Any CPU.Build.0 = Release|Any CPU
		{5981B473-4AC4-4871-A129-FA1DF42AE095}.Release|x64.ActiveCfg = Release|Any CPU
		{5981B473-4AC4-4871-A129-FA1DF42AE095}.Release|x64.Build.0 = Release|Any CPU
		{5981B473-4AC4-4871-A129-FA1DF42AE095}.Release|x86.ActiveCfg = Release|Any CPU
		{5981B473-4AC4-4871-A129-FA1DF42AE095}.Release|x86.Build.0 = Release|Any CPU
		{EC35CDDC-7AA4-4169-A7BC-C25C05D12FB5}.Debug|Any CPU.ActiveCfg = Debug|Any CPU
		{EC35CDDC-7AA4-4169-A7BC-C25C05D12FB5}.Debug|Any CPU.Build.0 = Debug|Any CPU
		{EC35CDDC-7AA4-4169-A7BC-C25C05D12FB5}.Debug|x64.ActiveCfg = Debug|Any CPU
		{EC35CDDC-7AA4-4169-A7BC-C25C05D12FB5}.Debug|x64.Build.0 = Debug|Any CPU
		{EC35CDDC-7AA4-4169-A7BC-C25C05D12FB5}.Debug|x86.ActiveCfg = Debug|Any CPU
		{EC35CDDC-7AA4-4169-A7BC-C25C05D12FB5}.Debug|x86.Build.0 = Debug|Any CPU
		{EC35CDDC-7AA4-4169-A7BC-C25C05D12FB5}.Release|Any CPU.ActiveCfg = Release|Any CPU
		{EC35CDDC-7AA4-4169-A7BC-C25C05D12FB5}.Release|Any CPU.Build.0 = Release|Any CPU
		{EC35CDDC-7AA4-4169-A7BC-C25C05D12FB5}.Release|x64.ActiveCfg = Release|Any CPU
		{EC35CDDC-7AA4-4169-A7BC-C25C05D12FB5}.Release|x64.Build.0 = Release|Any CPU
		{EC35CDDC-7AA4-4169-A7BC-C25C05D12FB5}.Release|x86.ActiveCfg = Release|Any CPU
		{EC35CDDC-7AA4-4169-A7BC-C25C05D12FB5}.Release|x86.Build.0 = Release|Any CPU
		{34987433-8E8C-49FF-9776-C122ADFD0EFB}.Debug|Any CPU.ActiveCfg = Debug|Any CPU
		{34987433-8E8C-49FF-9776-C122ADFD0EFB}.Debug|Any CPU.Build.0 = Debug|Any CPU
		{34987433-8E8C-49FF-9776-C122ADFD0EFB}.Debug|x64.ActiveCfg = Debug|Any CPU
		{34987433-8E8C-49FF-9776-C122ADFD0EFB}.Debug|x64.Build.0 = Debug|Any CPU
		{34987433-8E8C-49FF-9776-C122ADFD0EFB}.Debug|x86.ActiveCfg = Debug|Any CPU
		{34987433-8E8C-49FF-9776-C122ADFD0EFB}.Debug|x86.Build.0 = Debug|Any CPU
		{34987433-8E8C-49FF-9776-C122ADFD0EFB}.Release|Any CPU.ActiveCfg = Release|Any CPU
		{34987433-8E8C-49FF-9776-C122ADFD0EFB}.Release|Any CPU.Build.0 = Release|Any CPU
		{34987433-8E8C-49FF-9776-C122ADFD0EFB}.Release|x64.ActiveCfg = Release|Any CPU
		{34987433-8E8C-49FF-9776-C122ADFD0EFB}.Release|x64.Build.0 = Release|Any CPU
		{34987433-8E8C-49FF-9776-C122ADFD0EFB}.Release|x86.ActiveCfg = Release|Any CPU
		{34987433-8E8C-49FF-9776-C122ADFD0EFB}.Release|x86.Build.0 = Release|Any CPU
		{5FC8602D-CF71-4DCC-90CC-276D0407C22C}.Debug|Any CPU.ActiveCfg = Debug|Any CPU
		{5FC8602D-CF71-4DCC-90CC-276D0407C22C}.Debug|Any CPU.Build.0 = Debug|Any CPU
		{5FC8602D-CF71-4DCC-90CC-276D0407C22C}.Debug|x64.ActiveCfg = Debug|Any CPU
		{5FC8602D-CF71-4DCC-90CC-276D0407C22C}.Debug|x64.Build.0 = Debug|Any CPU
		{5FC8602D-CF71-4DCC-90CC-276D0407C22C}.Debug|x86.ActiveCfg = Debug|Any CPU
		{5FC8602D-CF71-4DCC-90CC-276D0407C22C}.Debug|x86.Build.0 = Debug|Any CPU
		{5FC8602D-CF71-4DCC-90CC-276D0407C22C}.Release|Any CPU.ActiveCfg = Release|Any CPU
		{5FC8602D-CF71-4DCC-90CC-276D0407C22C}.Release|Any CPU.Build.0 = Release|Any CPU
		{5FC8602D-CF71-4DCC-90CC-276D0407C22C}.Release|x64.ActiveCfg = Release|Any CPU
		{5FC8602D-CF71-4DCC-90CC-276D0407C22C}.Release|x64.Build.0 = Release|Any CPU
		{5FC8602D-CF71-4DCC-90CC-276D0407C22C}.Release|x86.ActiveCfg = Release|Any CPU
		{5FC8602D-CF71-4DCC-90CC-276D0407C22C}.Release|x86.Build.0 = Release|Any CPU
	EndGlobalSection
	GlobalSection(SolutionProperties) = preSolution
		HideSolutionNode = FALSE
	EndGlobalSection
	GlobalSection(NestedProjects) = preSolution
		{A6951E65-AA3A-4EDA-98D3-E282C1C914C3} = {827E0CD3-B72D-47B6-A68D-7590B98EB39B}
		{1213AF92-9C57-476B-BE5B-10259721FD35} = {827E0CD3-B72D-47B6-A68D-7590B98EB39B}
		{CE41C63A-7E71-4DF9-BF16-D761E10F86C0} = {827E0CD3-B72D-47B6-A68D-7590B98EB39B}
		{5981B473-4AC4-4871-A129-FA1DF42AE095} = {827E0CD3-B72D-47B6-A68D-7590B98EB39B}
		{EC35CDDC-7AA4-4169-A7BC-C25C05D12FB5} = {0AB3BF05-4346-4AA6-1389-037BE0695223}
		{34987433-8E8C-49FF-9776-C122ADFD0EFB} = {0AB3BF05-4346-4AA6-1389-037BE0695223}
		{5FC8602D-CF71-4DCC-90CC-276D0407C22C} = {0AB3BF05-4346-4AA6-1389-037BE0695223}
	EndGlobalSection
EndGlobal
